# This file is autogenerated, do not edit; changes may be undone by the next 'dep ensure'.


[[projects]]
  branch = "master"
  name = "github.com/go-telegram-bot-api/telegram-bot-api"
  packages = ["."]
  revision = "212b1541150cbfcc268fbeb3b15c14383e638409"

[[projects]]
  name = "github.com/technoweenie/multipartstreamer"
  packages = ["."]
  revision = "a90a01d73ae432e2611d178c18367fbaa13e0154"
  version = "v1.0.1"

[[projects]]
  name = "github.com/usemam/ledger-cloud"
  packages = ["datacontract"]
  revision = "e43ca3976da48158eafa218c626c807c32afcf07"

[solve-meta]
  analyzer-name = "dep"
  analyzer-version = 1
  inputs-digest = "d5511c04b91497441bfcedc223c68ccc4ee36d7a5afa6383dd24ce29de3983d6"
  solver-name = "gps-cdcl"
  solver-version = 1
