# This file is autogenerated, do not edit; changes may be undone by the next 'dep ensure'.


[[projects]]
  branch = "master"
  name = "github.com/araddon/dateparse"
  packages = ["."]
  revision = "1e64c9214ab00f5ed65d81b8d4db2f6496aa2065"

[[projects]]
  branch = "master"
  name = "github.com/go-telegram-bot-api/telegram-bot-api"
  packages = ["."]
  revision = "212b1541150cbfcc268fbeb3b15c14383e638409"

[[projects]]
  name = "github.com/technoweenie/multipartstreamer"
  packages = ["."]
  revision = "a90a01d73ae432e2611d178c18367fbaa13e0154"
  version = "v1.0.1"

[[projects]]
  branch = "master"
  name = "github.com/usemam/ledger-cloud"
  packages = [
    "datacontract",
    "money"
  ]
  revision = "a41a4f7cde549e958168624b77ce02dd42e32be1"

[solve-meta]
  analyzer-name = "dep"
  analyzer-version = 1
  inputs-digest = "e3f842990160420e97bb3dbac17eba4a2a37b43f5ed70d76bd778ea41021d334"
  solver-name = "gps-cdcl"
  solver-version = 1
