# This file is autogenerated, do not edit; changes may be undone by the next 'dep ensure'.


[[projects]]
  branch = "master"
  name = "github.com/gorilla/context"
  packages = ["."]
  revision = "08b5f424b9271eedf6f9f0ce86cb9396ed337a42"

[[projects]]
  branch = "master"
  name = "github.com/gorilla/mux"
  packages = ["."]
  revision = "ded0c29b24f96f46cf349e6701b099db601cf8ec"

[[projects]]
  branch = "master"
  name = "github.com/usemam/ledger-cloud"
  packages = [
    "datacontract",
    "money"
  ]
  revision = "a41a4f7cde549e958168624b77ce02dd42e32be1"

[solve-meta]
  analyzer-name = "dep"
  analyzer-version = 1
  inputs-digest = "89f4294b6e097a74bc7ce476788c051ad0e70d0ea0c6231c655247a2116f577b"
  solver-name = "gps-cdcl"
  solver-version = 1
