# This file is autogenerated, do not edit; changes may be undone by the next 'dep ensure'.


[[projects]]
  branch = "master"
  name = "github.com/usemam/ledger-cloud"
  packages = ["money"]
  revision = "a41a4f7cde549e958168624b77ce02dd42e32be1"

[solve-meta]
  analyzer-name = "dep"
  analyzer-version = 1
  inputs-digest = "a3c7f254c179dca81a7521e87c3bd8bb745a159ca0fff3e85267bdc0feaf0d2c"
  solver-name = "gps-cdcl"
  solver-version = 1
